
Microsoft Visual Studio Solution File, Format Version 12.00
# Visual Studio Version 17
VisualStudioVersion = 17.10.34928.147
MinimumVisualStudioVersion = 10.0.40219.1
Project("{9A19103F-16F7-4668-BE54-9A1E7A4F7556}") = "super-awesome-bo6-tool", "super-awesome-bo6-tool\super-awesome-bo6-tool.csproj", "{5DB15F7C-8B73-4D3C-A0ED-FEDB4EE0F016}"
EndProject
Project("{9A19103F-16F7-4668-BE54-9A1E7A4F7556}") = "LibDebug", "LibDebug\LibDebug.csproj", "{5EA21002-C49E-44E6-A97A-217F93CD3291}"
EndProject
Global
	GlobalSection(SolutionConfigurationPlatforms) = preSolution
		Debug|Any CPU = Debug|Any CPU
		Release|Any CPU = Release|Any CPU
	EndGlobalSection
	GlobalSection(ProjectConfigurationPlatforms) = postSolution
		{5DB15F7C-8B73-4D3C-A0ED-FEDB4EE0F016}.Debug|Any CPU.ActiveCfg = Debug|Any CPU
		{5DB15F7C-8B73-4D3C-A0ED-FEDB4EE0F016}.Debug|Any CPU.Build.0 = Debug|Any CPU
		{5DB15F7C-8B73-4D3C-A0ED-FEDB4EE0F016}.Release|Any CPU.ActiveCfg = Release|Any CPU
		{5DB15F7C-8B73-4D3C-A0ED-FEDB4EE0F016}.Release|Any CPU.Build.0 = Release|Any CPU
		{5EA21002-C49E-44E6-A97A-217F93CD3291}.Debug|Any CPU.ActiveCfg = Debug|Any CPU
		{5EA21002-C49E-44E6-A97A-217F93CD3291}.Debug|Any CPU.Build.0 = Debug|Any CPU
		{5EA21002-C49E-44E6-A97A-217F93CD3291}.Release|Any CPU.ActiveCfg = Release|Any CPU
		{5EA21002-C49E-44E6-A97A-217F93CD3291}.Release|Any CPU.Build.0 = Release|Any CPU
	EndGlobalSection
	GlobalSection(SolutionProperties) = preSolution
		HideSolutionNode = FALSE
	EndGlobalSection
	GlobalSection(ExtensibilityGlobals) = postSolution
		SolutionGuid = {5D6343B8-7F19-4C27-9D45-C86B05B345AC}
	EndGlobalSection
EndGlobal
